// !$*UTF8*$!
{
	archiveVersion = 1;
	classes = {
	};
	objectVersion = 56;
	objects = {

/* Begin PBXBuildFile section */
		4412FE8A2A5065FB007DEA72 /* ColorTheme.swift in Sources */ = {isa = PBXBuildFile; fileRef = 4412FE892A5065FB007DEA72 /* ColorTheme.swift */; };
		4412FEA02A507071007DEA72 /* ImageTheme.swift in Sources */ = {isa = PBXBuildFile; fileRef = 4412FE9F2A507071007DEA72 /* ImageTheme.swift */; };
		4412FEA22A5070BD007DEA72 /* FontTheme.swift in Sources */ = {isa = PBXBuildFile; fileRef = 4412FEA12A5070BD007DEA72 /* FontTheme.swift */; };
		4412FEAD2A50719A007DEA72 /* ChatView.swift in Sources */ = {isa = PBXBuildFile; fileRef = 4412FEAC2A50719A007DEA72 /* ChatView.swift */; };
		4412FEB12A5071D9007DEA72 /* ChatHeaderView.swift in Sources */ = {isa = PBXBuildFile; fileRef = 4412FEB02A5071D9007DEA72 /* ChatHeaderView.swift */; };
		4412FEB62A507269007DEA72 /* ChatDayView.swift in Sources */ = {isa = PBXBuildFile; fileRef = 4412FEB52A507269007DEA72 /* ChatDayView.swift */; };
		4412FEB92A5072BB007DEA72 /* View.swift in Sources */ = {isa = PBXBuildFile; fileRef = 4412FEB82A5072BB007DEA72 /* View.swift */; };
		444204DE2A56093500DD381F /* VoiceInputRecognizer.swift in Sources */ = {isa = PBXBuildFile; fileRef = 444204DD2A56093500DD381F /* VoiceInputRecognizer.swift */; };
		444204E02A56097500DD381F /* VoiceInputRecognizerError.swift in Sources */ = {isa = PBXBuildFile; fileRef = 444204DF2A56097500DD381F /* VoiceInputRecognizerError.swift */; };
		444204E22A560BCE00DD381F /* OptionalBool.swift in Sources */ = {isa = PBXBuildFile; fileRef = 444204E12A560BCE00DD381F /* OptionalBool.swift */; };
		444204E42A560CE200DD381F /* SFSpeechRecognizer.swift in Sources */ = {isa = PBXBuildFile; fileRef = 444204E32A560CE200DD381F /* SFSpeechRecognizer.swift */; };
		444204E62A560CED00DD381F /* AVAudioSession.swift in Sources */ = {isa = PBXBuildFile; fileRef = 444204E52A560CED00DD381F /* AVAudioSession.swift */; };
		445BEF072A5220C7001C86F2 /* ChatAPIManager.swift in Sources */ = {isa = PBXBuildFile; fileRef = 445BEF062A5220C7001C86F2 /* ChatAPIManager.swift */; };
		445BEF092A522168001C86F2 /* Task.swift in Sources */ = {isa = PBXBuildFile; fileRef = 445BEF082A522168001C86F2 /* Task.swift */; };
		4460F27E2A573DA400BC1D9D /* VoiceInputRecognizerTests.swift in Sources */ = {isa = PBXBuildFile; fileRef = 4460F27D2A573DA400BC1D9D /* VoiceInputRecognizerTests.swift */; };
		44683EA42A54952100EBB668 /* ChatViewModelTests.swift in Sources */ = {isa = PBXBuildFile; fileRef = 44683EA32A54952100EBB668 /* ChatViewModelTests.swift */; };
		446D3DE22A58860000A21255 /* ScaleFadeAnimationModifier.swift in Sources */ = {isa = PBXBuildFile; fileRef = 446D3DE12A58860000A21255 /* ScaleFadeAnimationModifier.swift */; };
		446D3DE42A5887F200A21255 /* ChatCircleAnimationView.swift in Sources */ = {isa = PBXBuildFile; fileRef = 446D3DE32A5887F200A21255 /* ChatCircleAnimationView.swift */; };
		448410A42A507BCA00298F7A /* ChatInputView.swift in Sources */ = {isa = PBXBuildFile; fileRef = 448410A32A507BCA00298F7A /* ChatInputView.swift */; };
		448410A82A5088C500298F7A /* IconTheme.swift in Sources */ = {isa = PBXBuildFile; fileRef = 448410A72A5088C500298F7A /* IconTheme.swift */; };
		449025512A5191D7003C79ED /* RoundedCorner.swift in Sources */ = {isa = PBXBuildFile; fileRef = 449025502A5191D7003C79ED /* RoundedCorner.swift */; };
		449025532A5192FF003C79ED /* ChatBubbleView.swift in Sources */ = {isa = PBXBuildFile; fileRef = 449025522A5192FF003C79ED /* ChatBubbleView.swift */; };
		449025552A51943E003C79ED /* OptionalString.swift in Sources */ = {isa = PBXBuildFile; fileRef = 449025542A51943E003C79ED /* OptionalString.swift */; };
		449025592A5195AC003C79ED /* ChatListView.swift in Sources */ = {isa = PBXBuildFile; fileRef = 449025582A5195AC003C79ED /* ChatListView.swift */; };
		4490255C2A519730003C79ED /* ChatViewModel.swift in Sources */ = {isa = PBXBuildFile; fileRef = 4490255B2A519730003C79ED /* ChatViewModel.swift */; };
		44B223702A50187300A52640 /* TalkaidApp.swift in Sources */ = {isa = PBXBuildFile; fileRef = 44B2236F2A50187300A52640 /* TalkaidApp.swift */; };
		44B223722A50187300A52640 /* ContentView.swift in Sources */ = {isa = PBXBuildFile; fileRef = 44B223712A50187300A52640 /* ContentView.swift */; };
		44B223742A50187400A52640 /* Assets.xcassets in Resources */ = {isa = PBXBuildFile; fileRef = 44B223732A50187400A52640 /* Assets.xcassets */; };
		44B223772A50187400A52640 /* Preview Assets.xcassets in Resources */ = {isa = PBXBuildFile; fileRef = 44B223762A50187400A52640 /* Preview Assets.xcassets */; };
		44B2237F2A501D8200A52640 /* .swiftlint.yml in Resources */ = {isa = PBXBuildFile; fileRef = 44B2237E2A501D8200A52640 /* .swiftlint.yml */; };
		44DEB4AA2A549D5500239F6A /* Error.swift in Sources */ = {isa = PBXBuildFile; fileRef = 44DEB4A92A549D5500239F6A /* Error.swift */; };
		44DEB4AC2A549D8100239F6A /* LocalizedAlertError.swift in Sources */ = {isa = PBXBuildFile; fileRef = 44DEB4AB2A549D8100239F6A /* LocalizedAlertError.swift */; };
		44DEB4AF2A54A29F00239F6A /* String.swift in Sources */ = {isa = PBXBuildFile; fileRef = 44DEB4AE2A54A29F00239F6A /* String.swift */; };
/* End PBXBuildFile section */

/* Begin PBXContainerItemProxy section */
		44683E9B2A5494C000EBB668 /* PBXContainerItemProxy */ = {
			isa = PBXContainerItemProxy;
			containerPortal = 44B223642A50187300A52640 /* Project object */;
			proxyType = 1;
			remoteGlobalIDString = 44B2236B2A50187300A52640;
			remoteInfo = Talkaid;
		};
/* End PBXContainerItemProxy section */

/* Begin PBXFileReference section */
		4412FE892A5065FB007DEA72 /* ColorTheme.swift */ = {isa = PBXFileReference; lastKnownFileType = sourcecode.swift; path = ColorTheme.swift; sourceTree = "<group>"; };
		4412FE9F2A507071007DEA72 /* ImageTheme.swift */ = {isa = PBXFileReference; lastKnownFileType = sourcecode.swift; path = ImageTheme.swift; sourceTree = "<group>"; };
		4412FEA12A5070BD007DEA72 /* FontTheme.swift */ = {isa = PBXFileReference; lastKnownFileType = sourcecode.swift; path = FontTheme.swift; sourceTree = "<group>"; };
		4412FEA32A5070D1007DEA72 /* Info.plist */ = {isa = PBXFileReference; lastKnownFileType = text.plist.xml; path = Info.plist; sourceTree = "<group>"; };
		4412FEAC2A50719A007DEA72 /* ChatView.swift */ = {isa = PBXFileReference; lastKnownFileType = sourcecode.swift; path = ChatView.swift; sourceTree = "<group>"; };
		4412FEB02A5071D9007DEA72 /* ChatHeaderView.swift */ = {isa = PBXFileReference; lastKnownFileType = sourcecode.swift; path = ChatHeaderView.swift; sourceTree = "<group>"; };
		4412FEB52A507269007DEA72 /* ChatDayView.swift */ = {isa = PBXFileReference; lastKnownFileType = sourcecode.swift; path = ChatDayView.swift; sourceTree = "<group>"; };
		4412FEB82A5072BB007DEA72 /* View.swift */ = {isa = PBXFileReference; lastKnownFileType = sourcecode.swift; path = View.swift; sourceTree = "<group>"; };
		444204DD2A56093500DD381F /* VoiceInputRecognizer.swift */ = {isa = PBXFileReference; lastKnownFileType = sourcecode.swift; path = VoiceInputRecognizer.swift; sourceTree = "<group>"; };
		444204DF2A56097500DD381F /* VoiceInputRecognizerError.swift */ = {isa = PBXFileReference; lastKnownFileType = sourcecode.swift; path = VoiceInputRecognizerError.swift; sourceTree = "<group>"; };
		444204E12A560BCE00DD381F /* OptionalBool.swift */ = {isa = PBXFileReference; lastKnownFileType = sourcecode.swift; path = OptionalBool.swift; sourceTree = "<group>"; };
		444204E32A560CE200DD381F /* SFSpeechRecognizer.swift */ = {isa = PBXFileReference; lastKnownFileType = sourcecode.swift; path = SFSpeechRecognizer.swift; sourceTree = "<group>"; };
		444204E52A560CED00DD381F /* AVAudioSession.swift */ = {isa = PBXFileReference; lastKnownFileType = sourcecode.swift; path = AVAudioSession.swift; sourceTree = "<group>"; };
		445BEF062A5220C7001C86F2 /* ChatAPIManager.swift */ = {isa = PBXFileReference; lastKnownFileType = sourcecode.swift; path = ChatAPIManager.swift; sourceTree = "<group>"; };
		445BEF082A522168001C86F2 /* Task.swift */ = {isa = PBXFileReference; lastKnownFileType = sourcecode.swift; path = Task.swift; sourceTree = "<group>"; };
		4460F27D2A573DA400BC1D9D /* VoiceInputRecognizerTests.swift */ = {isa = PBXFileReference; lastKnownFileType = sourcecode.swift; path = VoiceInputRecognizerTests.swift; sourceTree = "<group>"; };
		44683E972A5494C000EBB668 /* TalkaidTests.xctest */ = {isa = PBXFileReference; explicitFileType = wrapper.cfbundle; includeInIndex = 0; path = TalkaidTests.xctest; sourceTree = BUILT_PRODUCTS_DIR; };
		44683EA32A54952100EBB668 /* ChatViewModelTests.swift */ = {isa = PBXFileReference; lastKnownFileType = sourcecode.swift; path = ChatViewModelTests.swift; sourceTree = "<group>"; };
		446D3DE12A58860000A21255 /* ScaleFadeAnimationModifier.swift */ = {isa = PBXFileReference; lastKnownFileType = sourcecode.swift; path = ScaleFadeAnimationModifier.swift; sourceTree = "<group>"; };
		446D3DE32A5887F200A21255 /* ChatCircleAnimationView.swift */ = {isa = PBXFileReference; fileEncoding = 4; lastKnownFileType = sourcecode.swift; path = ChatCircleAnimationView.swift; sourceTree = "<group>"; };
		448410A32A507BCA00298F7A /* ChatInputView.swift */ = {isa = PBXFileReference; lastKnownFileType = sourcecode.swift; path = ChatInputView.swift; sourceTree = "<group>"; };
		448410A72A5088C500298F7A /* IconTheme.swift */ = {isa = PBXFileReference; lastKnownFileType = sourcecode.swift; path = IconTheme.swift; sourceTree = "<group>"; };
		449025502A5191D7003C79ED /* RoundedCorner.swift */ = {isa = PBXFileReference; lastKnownFileType = sourcecode.swift; path = RoundedCorner.swift; sourceTree = "<group>"; };
		449025522A5192FF003C79ED /* ChatBubbleView.swift */ = {isa = PBXFileReference; lastKnownFileType = sourcecode.swift; path = ChatBubbleView.swift; sourceTree = "<group>"; };
		449025542A51943E003C79ED /* OptionalString.swift */ = {isa = PBXFileReference; lastKnownFileType = sourcecode.swift; path = OptionalString.swift; sourceTree = "<group>"; };
		449025582A5195AC003C79ED /* ChatListView.swift */ = {isa = PBXFileReference; lastKnownFileType = sourcecode.swift; path = ChatListView.swift; sourceTree = "<group>"; };
		4490255B2A519730003C79ED /* ChatViewModel.swift */ = {isa = PBXFileReference; lastKnownFileType = sourcecode.swift; path = ChatViewModel.swift; sourceTree = "<group>"; };
		44B2236C2A50187300A52640 /* Talkaid.app */ = {isa = PBXFileReference; explicitFileType = wrapper.application; includeInIndex = 0; path = Talkaid.app; sourceTree = BUILT_PRODUCTS_DIR; };
		44B2236F2A50187300A52640 /* TalkaidApp.swift */ = {isa = PBXFileReference; lastKnownFileType = sourcecode.swift; path = TalkaidApp.swift; sourceTree = "<group>"; };
		44B223712A50187300A52640 /* ContentView.swift */ = {isa = PBXFileReference; lastKnownFileType = sourcecode.swift; path = ContentView.swift; sourceTree = "<group>"; };
		44B223732A50187400A52640 /* Assets.xcassets */ = {isa = PBXFileReference; lastKnownFileType = folder.assetcatalog; path = Assets.xcassets; sourceTree = "<group>"; };
		44B223762A50187400A52640 /* Preview Assets.xcassets */ = {isa = PBXFileReference; lastKnownFileType = folder.assetcatalog; path = "Preview Assets.xcassets"; sourceTree = "<group>"; };
		44B2237E2A501D8200A52640 /* .swiftlint.yml */ = {isa = PBXFileReference; lastKnownFileType = text.yaml; path = .swiftlint.yml; sourceTree = "<group>"; };
		44DC46FB2A54A3B30066EB6C /* Talkaid.xctestplan */ = {isa = PBXFileReference; lastKnownFileType = text; path = Talkaid.xctestplan; sourceTree = "<group>"; };
		44DEB4A92A549D5500239F6A /* Error.swift */ = {isa = PBXFileReference; lastKnownFileType = sourcecode.swift; path = Error.swift; sourceTree = "<group>"; };
		44DEB4AB2A549D8100239F6A /* LocalizedAlertError.swift */ = {isa = PBXFileReference; lastKnownFileType = sourcecode.swift; path = LocalizedAlertError.swift; sourceTree = "<group>"; };
		44DEB4AE2A54A29F00239F6A /* String.swift */ = {isa = PBXFileReference; lastKnownFileType = sourcecode.swift; path = String.swift; sourceTree = "<group>"; };
/* End PBXFileReference section */

/* Begin PBXFrameworksBuildPhase section */
		44683E942A5494C000EBB668 /* Frameworks */ = {
			isa = PBXFrameworksBuildPhase;
			buildActionMask = 2147483647;
			files = (
			);
			runOnlyForDeploymentPostprocessing = 0;
		};
		44B223692A50187300A52640 /* Frameworks */ = {
			isa = PBXFrameworksBuildPhase;
			buildActionMask = 2147483647;
			files = (
			);
			runOnlyForDeploymentPostprocessing = 0;
		};
/* End PBXFrameworksBuildPhase section */

/* Begin PBXGroup section */
		4412FE852A506436007DEA72 /* Utilities */ = {
			isa = PBXGroup;
			children = (
				4412FE862A50643D007DEA72 /* Enums */,
				4412FEB72A5072B3007DEA72 /* Extensions */,
				4490254F2A5191C7003C79ED /* Structs */,
			);
			path = Utilities;
			sourceTree = "<group>";
		};
		4412FE862A50643D007DEA72 /* Enums */ = {
			isa = PBXGroup;
			children = (
				4412FE892A5065FB007DEA72 /* ColorTheme.swift */,
				44DEB4A92A549D5500239F6A /* Error.swift */,
				4412FEA12A5070BD007DEA72 /* FontTheme.swift */,
				448410A72A5088C500298F7A /* IconTheme.swift */,
				4412FE9F2A507071007DEA72 /* ImageTheme.swift */,
				444204DF2A56097500DD381F /* VoiceInputRecognizerError.swift */,
			);
			path = Enums;
			sourceTree = "<group>";
		};
		4412FEA92A50718E007DEA72 /* Modules */ = {
			isa = PBXGroup;
			children = (
				4412FEAA2A507190007DEA72 /* Chat */,
			);
			path = Modules;
			sourceTree = "<group>";
		};
		4412FEAA2A507190007DEA72 /* Chat */ = {
			isa = PBXGroup;
			children = (
				4412FEAB2A507192007DEA72 /* View */,
				4490255A2A519723003C79ED /* ViewModel */,
			);
			path = Chat;
			sourceTree = "<group>";
		};
		4412FEAB2A507192007DEA72 /* View */ = {
			isa = PBXGroup;
			children = (
				4412FEAC2A50719A007DEA72 /* ChatView.swift */,
				4412FEAF2A5071C6007DEA72 /* Subview */,
			);
			path = View;
			sourceTree = "<group>";
		};
		4412FEAF2A5071C6007DEA72 /* Subview */ = {
			isa = PBXGroup;
			children = (
				449025522A5192FF003C79ED /* ChatBubbleView.swift */,
				446D3DE32A5887F200A21255 /* ChatCircleAnimationView.swift */,
				4412FEB52A507269007DEA72 /* ChatDayView.swift */,
				4412FEB02A5071D9007DEA72 /* ChatHeaderView.swift */,
				448410A32A507BCA00298F7A /* ChatInputView.swift */,
				449025582A5195AC003C79ED /* ChatListView.swift */,
			);
			path = Subview;
			sourceTree = "<group>";
		};
		4412FEB72A5072B3007DEA72 /* Extensions */ = {
			isa = PBXGroup;
			children = (
				444204E52A560CED00DD381F /* AVAudioSession.swift */,
				444204E12A560BCE00DD381F /* OptionalBool.swift */,
				449025542A51943E003C79ED /* OptionalString.swift */,
				444204E32A560CE200DD381F /* SFSpeechRecognizer.swift */,
				44DEB4AE2A54A29F00239F6A /* String.swift */,
				445BEF082A522168001C86F2 /* Task.swift */,
				4412FEB82A5072BB007DEA72 /* View.swift */,
			);
			path = Extensions;
			sourceTree = "<group>";
		};
		444204DC2A56091400DD381F /* Voice Input Recognition */ = {
			isa = PBXGroup;
			children = (
				444204DD2A56093500DD381F /* VoiceInputRecognizer.swift */,
			);
			path = "Voice Input Recognition";
			sourceTree = "<group>";
		};
		445BEF022A522081001C86F2 /* Network */ = {
			isa = PBXGroup;
			children = (
				445BEF032A5220A0001C86F2 /* Data */,
			);
			path = Network;
			sourceTree = "<group>";
		};
		445BEF032A5220A0001C86F2 /* Data */ = {
			isa = PBXGroup;
			children = (
				445BEF042A5220A4001C86F2 /* API */,
			);
			path = Data;
			sourceTree = "<group>";
		};
		445BEF042A5220A4001C86F2 /* API */ = {
			isa = PBXGroup;
			children = (
				445BEF052A5220B0001C86F2 /* Network */,
			);
			path = API;
			sourceTree = "<group>";
		};
		445BEF052A5220B0001C86F2 /* Network */ = {
			isa = PBXGroup;
			children = (
				445BEF062A5220C7001C86F2 /* ChatAPIManager.swift */,
			);
			path = Network;
			sourceTree = "<group>";
		};
		4460F27C2A573D9500BC1D9D /* Voice Input Recognition */ = {
			isa = PBXGroup;
			children = (
				4460F27D2A573DA400BC1D9D /* VoiceInputRecognizerTests.swift */,
			);
			path = "Voice Input Recognition";
			sourceTree = "<group>";
		};
		44683E982A5494C000EBB668 /* TalkaidTests */ = {
			isa = PBXGroup;
			children = (
				44683EA02A5494F900EBB668 /* Modules */,
				4460F27C2A573D9500BC1D9D /* Voice Input Recognition */,
			);
			path = TalkaidTests;
			sourceTree = "<group>";
		};
		44683EA02A5494F900EBB668 /* Modules */ = {
			isa = PBXGroup;
			children = (
				44683EA12A5494FC00EBB668 /* Chat */,
			);
			path = Modules;
			sourceTree = "<group>";
		};
		44683EA12A5494FC00EBB668 /* Chat */ = {
			isa = PBXGroup;
			children = (
				44683EA22A54951500EBB668 /* ViewModel */,
			);
			path = Chat;
			sourceTree = "<group>";
		};
		44683EA22A54951500EBB668 /* ViewModel */ = {
			isa = PBXGroup;
			children = (
				44683EA32A54952100EBB668 /* ChatViewModelTests.swift */,
			);
			path = ViewModel;
			sourceTree = "<group>";
		};
		4490254F2A5191C7003C79ED /* Structs */ = {
			isa = PBXGroup;
			children = (
				44DEB4AB2A549D8100239F6A /* LocalizedAlertError.swift */,
				449025502A5191D7003C79ED /* RoundedCorner.swift */,
				446D3DE12A58860000A21255 /* ScaleFadeAnimationModifier.swift */,
			);
			path = Structs;
			sourceTree = "<group>";
		};
		4490255A2A519723003C79ED /* ViewModel */ = {
			isa = PBXGroup;
			children = (
				4490255B2A519730003C79ED /* ChatViewModel.swift */,
			);
			path = ViewModel;
			sourceTree = "<group>";
		};
		44B223632A50187300A52640 = {
			isa = PBXGroup;
			children = (
				44DC46FB2A54A3B30066EB6C /* Talkaid.xctestplan */,
				44B2236E2A50187300A52640 /* Talkaid */,
				44683E982A5494C000EBB668 /* TalkaidTests */,
				44B2236D2A50187300A52640 /* Products */,
			);
			sourceTree = "<group>";
		};
		44B2236D2A50187300A52640 /* Products */ = {
			isa = PBXGroup;
			children = (
				44B2236C2A50187300A52640 /* Talkaid.app */,
				44683E972A5494C000EBB668 /* TalkaidTests.xctest */,
			);
			name = Products;
			sourceTree = "<group>";
		};
		44B2236E2A50187300A52640 /* Talkaid */ = {
			isa = PBXGroup;
			children = (
				4412FEA32A5070D1007DEA72 /* Info.plist */,
				44B223712A50187300A52640 /* ContentView.swift */,
				44B2236F2A50187300A52640 /* TalkaidApp.swift */,
				44B223732A50187400A52640 /* Assets.xcassets */,
				4412FEA92A50718E007DEA72 /* Modules */,
				445BEF022A522081001C86F2 /* Network */,
				44B223752A50187400A52640 /* Preview Content */,
				44B2237D2A501D7100A52640 /* Supporting Files */,
				4412FE852A506436007DEA72 /* Utilities */,
				444204DC2A56091400DD381F /* Voice Input Recognition */,
			);
			path = Talkaid;
			sourceTree = "<group>";
		};
		44B223752A50187400A52640 /* Preview Content */ = {
			isa = PBXGroup;
			children = (
				44B223762A50187400A52640 /* Preview Assets.xcassets */,
			);
			path = "Preview Content";
			sourceTree = "<group>";
		};
		44B2237D2A501D7100A52640 /* Supporting Files */ = {
			isa = PBXGroup;
			children = (
				44B2237E2A501D8200A52640 /* .swiftlint.yml */,
			);
			path = "Supporting Files";
			sourceTree = "<group>";
		};
/* End PBXGroup section */

/* Begin PBXNativeTarget section */
		44683E962A5494C000EBB668 /* TalkaidTests */ = {
			isa = PBXNativeTarget;
			buildConfigurationList = 44683E9F2A5494C000EBB668 /* Build configuration list for PBXNativeTarget "TalkaidTests" */;
			buildPhases = (
				44683E932A5494C000EBB668 /* Sources */,
				44683E942A5494C000EBB668 /* Frameworks */,
				44683E952A5494C000EBB668 /* Resources */,
			);
			buildRules = (
			);
			dependencies = (
				44683E9C2A5494C000EBB668 /* PBXTargetDependency */,
			);
			name = TalkaidTests;
			productName = TalkaidTests;
			productReference = 44683E972A5494C000EBB668 /* TalkaidTests.xctest */;
			productType = "com.apple.product-type.bundle.unit-test";
		};
		44B2236B2A50187300A52640 /* Talkaid */ = {
			isa = PBXNativeTarget;
			buildConfigurationList = 44B2237A2A50187400A52640 /* Build configuration list for PBXNativeTarget "Talkaid" */;
			buildPhases = (
				44B223682A50187300A52640 /* Sources */,
				44B223692A50187300A52640 /* Frameworks */,
				44B2236A2A50187300A52640 /* Resources */,
				44B223802A501D9D00A52640 /* Run SwiftLint */,
			);
			buildRules = (
			);
			dependencies = (
			);
			name = Talkaid;
			productName = Talkaid;
			productReference = 44B2236C2A50187300A52640 /* Talkaid.app */;
			productType = "com.apple.product-type.application";
		};
/* End PBXNativeTarget section */

/* Begin PBXProject section */
		44B223642A50187300A52640 /* Project object */ = {
			isa = PBXProject;
			attributes = {
				BuildIndependentTargetsInParallel = 1;
				LastSwiftUpdateCheck = 1430;
				LastUpgradeCheck = 1430;
				TargetAttributes = {
					44683E962A5494C000EBB668 = {
						CreatedOnToolsVersion = 14.3.1;
						LastSwiftMigration = 1430;
						TestTargetID = 44B2236B2A50187300A52640;
					};
					44B2236B2A50187300A52640 = {
						CreatedOnToolsVersion = 14.3.1;
					};
				};
			};
			buildConfigurationList = 44B223672A50187300A52640 /* Build configuration list for PBXProject "Talkaid" */;
			compatibilityVersion = "Xcode 14.0";
			developmentRegion = en;
			hasScannedForEncodings = 0;
			knownRegions = (
				en,
				Base,
			);
			mainGroup = 44B223632A50187300A52640;
			productRefGroup = 44B2236D2A50187300A52640 /* Products */;
			projectDirPath = "";
			projectRoot = "";
			targets = (
				44B2236B2A50187300A52640 /* Talkaid */,
				44683E962A5494C000EBB668 /* TalkaidTests */,
			);
		};
/* End PBXProject section */

/* Begin PBXResourcesBuildPhase section */
		44683E952A5494C000EBB668 /* Resources */ = {
			isa = PBXResourcesBuildPhase;
			buildActionMask = 2147483647;
			files = (
			);
			runOnlyForDeploymentPostprocessing = 0;
		};
		44B2236A2A50187300A52640 /* Resources */ = {
			isa = PBXResourcesBuildPhase;
			buildActionMask = 2147483647;
			files = (
				44B2237F2A501D8200A52640 /* .swiftlint.yml in Resources */,
				44B223772A50187400A52640 /* Preview Assets.xcassets in Resources */,
				44B223742A50187400A52640 /* Assets.xcassets in Resources */,
			);
			runOnlyForDeploymentPostprocessing = 0;
		};
/* End PBXResourcesBuildPhase section */

/* Begin PBXShellScriptBuildPhase section */
		44B223802A501D9D00A52640 /* Run SwiftLint */ = {
			isa = PBXShellScriptBuildPhase;
			alwaysOutOfDate = 1;
			buildActionMask = 12;
			files = (
			);
			inputFileListPaths = (
			);
			inputPaths = (
			);
			name = "Run SwiftLint";
			outputFileListPaths = (
			);
			outputPaths = (
			);
			runOnlyForDeploymentPostprocessing = 0;
			shellPath = /bin/sh;
			shellScript = "if [[ \"$(uname -m)\" == arm64 ]]; then\n    export PATH=\"/opt/homebrew/bin:$PATH\"\nfi\n\nif which swiftlint > /dev/null; then\n  swiftlint\nelse\n  echo \"warning: SwiftLint not installed, download from https://github.com/realm/SwiftLint\"\nfi\n";
		};
/* End PBXShellScriptBuildPhase section */

/* Begin PBXSourcesBuildPhase section */
		44683E932A5494C000EBB668 /* Sources */ = {
			isa = PBXSourcesBuildPhase;
			buildActionMask = 2147483647;
			files = (
				44683EA42A54952100EBB668 /* ChatViewModelTests.swift in Sources */,
				4460F27E2A573DA400BC1D9D /* VoiceInputRecognizerTests.swift in Sources */,
			);
			runOnlyForDeploymentPostprocessing = 0;
		};
		44B223682A50187300A52640 /* Sources */ = {
			isa = PBXSourcesBuildPhase;
			buildActionMask = 2147483647;
			files = (
				44DEB4AA2A549D5500239F6A /* Error.swift in Sources */,
				4412FE8A2A5065FB007DEA72 /* ColorTheme.swift in Sources */,
				449025592A5195AC003C79ED /* ChatListView.swift in Sources */,
				445BEF072A5220C7001C86F2 /* ChatAPIManager.swift in Sources */,
				448410A42A507BCA00298F7A /* ChatInputView.swift in Sources */,
				4412FEA22A5070BD007DEA72 /* FontTheme.swift in Sources */,
				4412FEA02A507071007DEA72 /* ImageTheme.swift in Sources */,
				449025512A5191D7003C79ED /* RoundedCorner.swift in Sources */,
				44DEB4AC2A549D8100239F6A /* LocalizedAlertError.swift in Sources */,
				44B223722A50187300A52640 /* ContentView.swift in Sources */,
				4412FEAD2A50719A007DEA72 /* ChatView.swift in Sources */,
				444204E42A560CE200DD381F /* SFSpeechRecognizer.swift in Sources */,
				444204E62A560CED00DD381F /* AVAudioSession.swift in Sources */,
				444204E02A56097500DD381F /* VoiceInputRecognizerError.swift in Sources */,
				444204E22A560BCE00DD381F /* OptionalBool.swift in Sources */,
				448410A82A5088C500298F7A /* IconTheme.swift in Sources */,
				4412FEB92A5072BB007DEA72 /* View.swift in Sources */,
				446D3DE42A5887F200A21255 /* ChatCircleAnimationView.swift in Sources */,
				4490255C2A519730003C79ED /* ChatViewModel.swift in Sources */,
				449025532A5192FF003C79ED /* ChatBubbleView.swift in Sources */,
				449025552A51943E003C79ED /* OptionalString.swift in Sources */,
				4412FEB62A507269007DEA72 /* ChatDayView.swift in Sources */,
				4412FEB12A5071D9007DEA72 /* ChatHeaderView.swift in Sources */,
				446D3DE22A58860000A21255 /* ScaleFadeAnimationModifier.swift in Sources */,
				44DEB4AF2A54A29F00239F6A /* String.swift in Sources */,
				444204DE2A56093500DD381F /* VoiceInputRecognizer.swift in Sources */,
				445BEF092A522168001C86F2 /* Task.swift in Sources */,
				44B223702A50187300A52640 /* TalkaidApp.swift in Sources */,
			);
			runOnlyForDeploymentPostprocessing = 0;
		};
/* End PBXSourcesBuildPhase section */

/* Begin PBXTargetDependency section */
		44683E9C2A5494C000EBB668 /* PBXTargetDependency */ = {
			isa = PBXTargetDependency;
			target = 44B2236B2A50187300A52640 /* Talkaid */;
			targetProxy = 44683E9B2A5494C000EBB668 /* PBXContainerItemProxy */;
		};
/* End PBXTargetDependency section */

/* Begin XCBuildConfiguration section */
		44683E9D2A5494C000EBB668 /* Debug */ = {
			isa = XCBuildConfiguration;
			buildSettings = {
				BUNDLE_LOADER = "$(TEST_HOST)";
				CLANG_ENABLE_MODULES = YES;
				CODE_SIGN_STYLE = Automatic;
				CURRENT_PROJECT_VERSION = 1;
				DEVELOPMENT_TEAM = 7GW83GWCK8;
				GENERATE_INFOPLIST_FILE = YES;
				IPHONEOS_DEPLOYMENT_TARGET = 16.4;
				MARKETING_VERSION = 1.0;
				PRODUCT_BUNDLE_IDENTIFIER = com.icloud.yusasarisoy.TalkaidTests;
				PRODUCT_NAME = "$(TARGET_NAME)";
				SWIFT_EMIT_LOC_STRINGS = NO;
				SWIFT_OPTIMIZATION_LEVEL = "-Onone";
				SWIFT_VERSION = 5.0;
				TARGETED_DEVICE_FAMILY = "1,2";
				TEST_HOST = "$(BUILT_PRODUCTS_DIR)/Talkaid.app/$(BUNDLE_EXECUTABLE_FOLDER_PATH)/Talkaid";
			};
			name = Debug;
		};
		44683E9E2A5494C000EBB668 /* Release */ = {
			isa = XCBuildConfiguration;
			buildSettings = {
				BUNDLE_LOADER = "$(TEST_HOST)";
				CLANG_ENABLE_MODULES = YES;
				CODE_SIGN_STYLE = Automatic;
				CURRENT_PROJECT_VERSION = 1;
				DEVELOPMENT_TEAM = 7GW83GWCK8;
				GENERATE_INFOPLIST_FILE = YES;
				IPHONEOS_DEPLOYMENT_TARGET = 16.4;
				MARKETING_VERSION = 1.0;
				PRODUCT_BUNDLE_IDENTIFIER = com.icloud.yusasarisoy.TalkaidTests;
				PRODUCT_NAME = "$(TARGET_NAME)";
				SWIFT_EMIT_LOC_STRINGS = NO;
				SWIFT_VERSION = 5.0;
				TARGETED_DEVICE_FAMILY = "1,2";
				TEST_HOST = "$(BUILT_PRODUCTS_DIR)/Talkaid.app/$(BUNDLE_EXECUTABLE_FOLDER_PATH)/Talkaid";
			};
			name = Release;
		};
		44B223782A50187400A52640 /* Debug */ = {
			isa = XCBuildConfiguration;
			buildSettings = {
				ALWAYS_SEARCH_USER_PATHS = NO;
				CLANG_ANALYZER_NONNULL = YES;
				CLANG_ANALYZER_NUMBER_OBJECT_CONVERSION = YES_AGGRESSIVE;
				CLANG_CXX_LANGUAGE_STANDARD = "gnu++20";
				CLANG_ENABLE_MODULES = YES;
				CLANG_ENABLE_OBJC_ARC = YES;
				CLANG_ENABLE_OBJC_WEAK = YES;
				CLANG_WARN_BLOCK_CAPTURE_AUTORELEASING = YES;
				CLANG_WARN_BOOL_CONVERSION = YES;
				CLANG_WARN_COMMA = YES;
				CLANG_WARN_CONSTANT_CONVERSION = YES;
				CLANG_WARN_DEPRECATED_OBJC_IMPLEMENTATIONS = YES;
				CLANG_WARN_DIRECT_OBJC_ISA_USAGE = YES_ERROR;
				CLANG_WARN_DOCUMENTATION_COMMENTS = YES;
				CLANG_WARN_EMPTY_BODY = YES;
				CLANG_WARN_ENUM_CONVERSION = YES;
				CLANG_WARN_INFINITE_RECURSION = YES;
				CLANG_WARN_INT_CONVERSION = YES;
				CLANG_WARN_NON_LITERAL_NULL_CONVERSION = YES;
				CLANG_WARN_OBJC_IMPLICIT_RETAIN_SELF = YES;
				CLANG_WARN_OBJC_LITERAL_CONVERSION = YES;
				CLANG_WARN_OBJC_ROOT_CLASS = YES_ERROR;
				CLANG_WARN_QUOTED_INCLUDE_IN_FRAMEWORK_HEADER = YES;
				CLANG_WARN_RANGE_LOOP_ANALYSIS = YES;
				CLANG_WARN_STRICT_PROTOTYPES = YES;
				CLANG_WARN_SUSPICIOUS_MOVE = YES;
				CLANG_WARN_UNGUARDED_AVAILABILITY = YES_AGGRESSIVE;
				CLANG_WARN_UNREACHABLE_CODE = YES;
				CLANG_WARN__DUPLICATE_METHOD_MATCH = YES;
				COPY_PHASE_STRIP = NO;
				DEBUG_INFORMATION_FORMAT = dwarf;
				ENABLE_STRICT_OBJC_MSGSEND = YES;
				ENABLE_TESTABILITY = YES;
				GCC_C_LANGUAGE_STANDARD = gnu11;
				GCC_DYNAMIC_NO_PIC = NO;
				GCC_NO_COMMON_BLOCKS = YES;
				GCC_OPTIMIZATION_LEVEL = 0;
				GCC_PREPROCESSOR_DEFINITIONS = (
					"DEBUG=1",
					"$(inherited)",
				);
				GCC_WARN_64_TO_32_BIT_CONVERSION = YES;
				GCC_WARN_ABOUT_RETURN_TYPE = YES_ERROR;
				GCC_WARN_UNDECLARED_SELECTOR = YES;
				GCC_WARN_UNINITIALIZED_AUTOS = YES_AGGRESSIVE;
				GCC_WARN_UNUSED_FUNCTION = YES;
				GCC_WARN_UNUSED_VARIABLE = YES;
				IPHONEOS_DEPLOYMENT_TARGET = 15.0;
				MTL_ENABLE_DEBUG_INFO = INCLUDE_SOURCE;
				MTL_FAST_MATH = YES;
				ONLY_ACTIVE_ARCH = YES;
				SDKROOT = iphoneos;
				SWIFT_ACTIVE_COMPILATION_CONDITIONS = DEBUG;
				SWIFT_OPTIMIZATION_LEVEL = "-Onone";
			};
			name = Debug;
		};
		44B223792A50187400A52640 /* Release */ = {
			isa = XCBuildConfiguration;
			buildSettings = {
				ALWAYS_SEARCH_USER_PATHS = NO;
				CLANG_ANALYZER_NONNULL = YES;
				CLANG_ANALYZER_NUMBER_OBJECT_CONVERSION = YES_AGGRESSIVE;
				CLANG_CXX_LANGUAGE_STANDARD = "gnu++20";
				CLANG_ENABLE_MODULES = YES;
				CLANG_ENABLE_OBJC_ARC = YES;
				CLANG_ENABLE_OBJC_WEAK = YES;
				CLANG_WARN_BLOCK_CAPTURE_AUTORELEASING = YES;
				CLANG_WARN_BOOL_CONVERSION = YES;
				CLANG_WARN_COMMA = YES;
				CLANG_WARN_CONSTANT_CONVERSION = YES;
				CLANG_WARN_DEPRECATED_OBJC_IMPLEMENTATIONS = YES;
				CLANG_WARN_DIRECT_OBJC_ISA_USAGE = YES_ERROR;
				CLANG_WARN_DOCUMENTATION_COMMENTS = YES;
				CLANG_WARN_EMPTY_BODY = YES;
				CLANG_WARN_ENUM_CONVERSION = YES;
				CLANG_WARN_INFINITE_RECURSION = YES;
				CLANG_WARN_INT_CONVERSION = YES;
				CLANG_WARN_NON_LITERAL_NULL_CONVERSION = YES;
				CLANG_WARN_OBJC_IMPLICIT_RETAIN_SELF = YES;
				CLANG_WARN_OBJC_LITERAL_CONVERSION = YES;
				CLANG_WARN_OBJC_ROOT_CLASS = YES_ERROR;
				CLANG_WARN_QUOTED_INCLUDE_IN_FRAMEWORK_HEADER = YES;
				CLANG_WARN_RANGE_LOOP_ANALYSIS = YES;
				CLANG_WARN_STRICT_PROTOTYPES = YES;
				CLANG_WARN_SUSPICIOUS_MOVE = YES;
				CLANG_WARN_UNGUARDED_AVAILABILITY = YES_AGGRESSIVE;
				CLANG_WARN_UNREACHABLE_CODE = YES;
				CLANG_WARN__DUPLICATE_METHOD_MATCH = YES;
				COPY_PHASE_STRIP = NO;
				DEBUG_INFORMATION_FORMAT = "dwarf-with-dsym";
				ENABLE_NS_ASSERTIONS = NO;
				ENABLE_STRICT_OBJC_MSGSEND = YES;
				GCC_C_LANGUAGE_STANDARD = gnu11;
				GCC_NO_COMMON_BLOCKS = YES;
				GCC_WARN_64_TO_32_BIT_CONVERSION = YES;
				GCC_WARN_ABOUT_RETURN_TYPE = YES_ERROR;
				GCC_WARN_UNDECLARED_SELECTOR = YES;
				GCC_WARN_UNINITIALIZED_AUTOS = YES_AGGRESSIVE;
				GCC_WARN_UNUSED_FUNCTION = YES;
				GCC_WARN_UNUSED_VARIABLE = YES;
				IPHONEOS_DEPLOYMENT_TARGET = 15.0;
				MTL_ENABLE_DEBUG_INFO = NO;
				MTL_FAST_MATH = YES;
				SDKROOT = iphoneos;
				SWIFT_COMPILATION_MODE = wholemodule;
				SWIFT_OPTIMIZATION_LEVEL = "-O";
				VALIDATE_PRODUCT = YES;
			};
			name = Release;
		};
		44B2237B2A50187400A52640 /* Debug */ = {
			isa = XCBuildConfiguration;
			buildSettings = {
				ASSETCATALOG_COMPILER_APPICON_NAME = AppIcon;
				ASSETCATALOG_COMPILER_GLOBAL_ACCENT_COLOR_NAME = AccentColor;
				CODE_SIGN_STYLE = Automatic;
				CURRENT_PROJECT_VERSION = 1;
				DEVELOPMENT_ASSET_PATHS = "\"Talkaid/Preview Content\"";
				DEVELOPMENT_TEAM = 7GW83GWCK8;
				ENABLE_PREVIEWS = YES;
				GENERATE_INFOPLIST_FILE = YES;
				INFOPLIST_FILE = Talkaid/Info.plist;
				INFOPLIST_KEY_LSApplicationCategoryType = "public.app-category.productivity";
				INFOPLIST_KEY_NSMicrophoneUsageDescription = "This app requires microphone access to facilitate voice input and enhance your chat experience by allowing you to send voice messages and engage in voice-based conversations.";
				INFOPLIST_KEY_NSSpeechRecognitionUsageDescription = "This app requires access to speech recognition to enable voice commands and dictation within the app, providing a hands-free and convenient user experience.";
				INFOPLIST_KEY_UIApplicationSceneManifest_Generation = YES;
				INFOPLIST_KEY_UIApplicationSupportsIndirectInputEvents = YES;
				INFOPLIST_KEY_UILaunchScreen_Generation = YES;
				INFOPLIST_KEY_UISupportedInterfaceOrientations_iPad = "UIInterfaceOrientationPortrait UIInterfaceOrientationPortraitUpsideDown UIInterfaceOrientationLandscapeLeft UIInterfaceOrientationLandscapeRight";
				INFOPLIST_KEY_UISupportedInterfaceOrientations_iPhone = "UIInterfaceOrientationPortrait UIInterfaceOrientationLandscapeLeft UIInterfaceOrientationLandscapeRight";
				IPHONEOS_DEPLOYMENT_TARGET = 15.0;
				LD_RUNPATH_SEARCH_PATHS = (
					"$(inherited)",
					"@executable_path/Frameworks",
				);
				MARKETING_VERSION = 1.0;
				PRODUCT_BUNDLE_IDENTIFIER = com.icloud.yusasarisoy.Talkaid;
				PRODUCT_NAME = "$(TARGET_NAME)";
				SUPPORTED_PLATFORMS = "iphoneos iphonesimulator";
				SUPPORTS_MACCATALYST = NO;
				SUPPORTS_MAC_DESIGNED_FOR_IPHONE_IPAD = NO;
				SWIFT_EMIT_LOC_STRINGS = YES;
				SWIFT_VERSION = 5.0;
				TARGETED_DEVICE_FAMILY = 1;
			};
			name = Debug;
		};
		44B2237C2A50187400A52640 /* Release */ = {
			isa = XCBuildConfiguration;
			buildSettings = {
				ASSETCATALOG_COMPILER_APPICON_NAME = AppIcon;
				ASSETCATALOG_COMPILER_GLOBAL_ACCENT_COLOR_NAME = AccentColor;
				CODE_SIGN_STYLE = Automatic;
				CURRENT_PROJECT_VERSION = 1;
				DEVELOPMENT_ASSET_PATHS = "\"Talkaid/Preview Content\"";
				DEVELOPMENT_TEAM = 7GW83GWCK8;
				ENABLE_PREVIEWS = YES;
				GENERATE_INFOPLIST_FILE = YES;
				INFOPLIST_FILE = Talkaid/Info.plist;
				INFOPLIST_KEY_LSApplicationCategoryType = "public.app-category.productivity";
				INFOPLIST_KEY_NSMicrophoneUsageDescription = "This app requires microphone access to facilitate voice input and enhance your chat experience by allowing you to send voice messages and engage in voice-based conversations.";
				INFOPLIST_KEY_NSSpeechRecognitionUsageDescription = "This app requires access to speech recognition to enable voice commands and dictation within the app, providing a hands-free and convenient user experience.";
				INFOPLIST_KEY_UIApplicationSceneManifest_Generation = YES;
				INFOPLIST_KEY_UIApplicationSupportsIndirectInputEvents = YES;
				INFOPLIST_KEY_UILaunchScreen_Generation = YES;
				INFOPLIST_KEY_UISupportedInterfaceOrientations_iPad = "UIInterfaceOrientationPortrait UIInterfaceOrientationPortraitUpsideDown UIInterfaceOrientationLandscapeLeft UIInterfaceOrientationLandscapeRight";
				INFOPLIST_KEY_UISupportedInterfaceOrientations_iPhone = "UIInterfaceOrientationPortrait UIInterfaceOrientationLandscapeLeft UIInterfaceOrientationLandscapeRight";
				IPHONEOS_DEPLOYMENT_TARGET = 15.0;
				LD_RUNPATH_SEARCH_PATHS = (
					"$(inherited)",
					"@executable_path/Frameworks",
				);
				MARKETING_VERSION = 1.0;
				PRODUCT_BUNDLE_IDENTIFIER = com.icloud.yusasarisoy.Talkaid;
				PRODUCT_NAME = "$(TARGET_NAME)";
				SUPPORTED_PLATFORMS = "iphoneos iphonesimulator";
				SUPPORTS_MACCATALYST = NO;
				SUPPORTS_MAC_DESIGNED_FOR_IPHONE_IPAD = NO;
				SWIFT_EMIT_LOC_STRINGS = YES;
				SWIFT_VERSION = 5.0;
				TARGETED_DEVICE_FAMILY = 1;
			};
			name = Release;
		};
/* End XCBuildConfiguration section */

/* Begin XCConfigurationList section */
		44683E9F2A5494C000EBB668 /* Build configuration list for PBXNativeTarget "TalkaidTests" */ = {
			isa = XCConfigurationList;
			buildConfigurations = (
				44683E9D2A5494C000EBB668 /* Debug */,
				44683E9E2A5494C000EBB668 /* Release */,
			);
			defaultConfigurationIsVisible = 0;
			defaultConfigurationName = Release;
		};
		44B223672A50187300A52640 /* Build configuration list for PBXProject "Talkaid" */ = {
			isa = XCConfigurationList;
			buildConfigurations = (
				44B223782A50187400A52640 /* Debug */,
				44B223792A50187400A52640 /* Release */,
			);
			defaultConfigurationIsVisible = 0;
			defaultConfigurationName = Release;
		};
		44B2237A2A50187400A52640 /* Build configuration list for PBXNativeTarget "Talkaid" */ = {
			isa = XCConfigurationList;
			buildConfigurations = (
				44B2237B2A50187400A52640 /* Debug */,
				44B2237C2A50187400A52640 /* Release */,
			);
			defaultConfigurationIsVisible = 0;
			defaultConfigurationName = Release;
		};
/* End XCConfigurationList section */
	};
	rootObject = 44B223642A50187300A52640 /* Project object */;
}
