// !$*UTF8*$!
{
	archiveVersion = 1;
	classes = {
	};
	objectVersion = 56;
	objects = {

/* Begin PBXBuildFile section */
		4412FE8A2A5065FB007DEA72 /* ColorTheme.swift in Sources */ = {isa = PBXBuildFile; fileRef = 4412FE892A5065FB007DEA72 /* ColorTheme.swift */; };
		4412FEA02A507071007DEA72 /* ImageTheme.swift in Sources */ = {isa = PBXBuildFile; fileRef = 4412FE9F2A507071007DEA72 /* ImageTheme.swift */; };
		4412FEA22A5070BD007DEA72 /* FontTheme.swift in Sources */ = {isa = PBXBuildFile; fileRef = 4412FEA12A5070BD007DEA72 /* FontTheme.swift */; };
		4412FEA72A5070F6007DEA72 /* SF-Pro-Display-Bold.otf in Resources */ = {isa = PBXBuildFile; fileRef = 4412FEA52A5070F6007DEA72 /* SF-Pro-Display-Bold.otf */; };
		4412FEA82A5070F6007DEA72 /* SF-Pro-Text.otf in Resources */ = {isa = PBXBuildFile; fileRef = 4412FEA62A5070F6007DEA72 /* SF-Pro-Text.otf */; };
		4412FEAD2A50719A007DEA72 /* ChatView.swift in Sources */ = {isa = PBXBuildFile; fileRef = 4412FEAC2A50719A007DEA72 /* ChatView.swift */; };
		44B223702A50187300A52640 /* TalkaidApp.swift in Sources */ = {isa = PBXBuildFile; fileRef = 44B2236F2A50187300A52640 /* TalkaidApp.swift */; };
		44B223722A50187300A52640 /* ContentView.swift in Sources */ = {isa = PBXBuildFile; fileRef = 44B223712A50187300A52640 /* ContentView.swift */; };
		44B223742A50187400A52640 /* Assets.xcassets in Resources */ = {isa = PBXBuildFile; fileRef = 44B223732A50187400A52640 /* Assets.xcassets */; };
		44B223772A50187400A52640 /* Preview Assets.xcassets in Resources */ = {isa = PBXBuildFile; fileRef = 44B223762A50187400A52640 /* Preview Assets.xcassets */; };
		44B2237F2A501D8200A52640 /* .swiftlint.yml in Resources */ = {isa = PBXBuildFile; fileRef = 44B2237E2A501D8200A52640 /* .swiftlint.yml */; };
/* End PBXBuildFile section */

/* Begin PBXFileReference section */
		4412FE892A5065FB007DEA72 /* ColorTheme.swift */ = {isa = PBXFileReference; lastKnownFileType = sourcecode.swift; path = ColorTheme.swift; sourceTree = "<group>"; };
		4412FE9F2A507071007DEA72 /* ImageTheme.swift */ = {isa = PBXFileReference; lastKnownFileType = sourcecode.swift; path = ImageTheme.swift; sourceTree = "<group>"; };
		4412FEA12A5070BD007DEA72 /* FontTheme.swift */ = {isa = PBXFileReference; lastKnownFileType = sourcecode.swift; path = FontTheme.swift; sourceTree = "<group>"; };
		4412FEA32A5070D1007DEA72 /* Info.plist */ = {isa = PBXFileReference; lastKnownFileType = text.plist.xml; path = Info.plist; sourceTree = "<group>"; };
		4412FEA52A5070F6007DEA72 /* SF-Pro-Display-Bold.otf */ = {isa = PBXFileReference; lastKnownFileType = file; path = "SF-Pro-Display-Bold.otf"; sourceTree = "<group>"; };
		4412FEA62A5070F6007DEA72 /* SF-Pro-Text.otf */ = {isa = PBXFileReference; lastKnownFileType = file; path = "SF-Pro-Text.otf"; sourceTree = "<group>"; };
		4412FEAC2A50719A007DEA72 /* ChatView.swift */ = {isa = PBXFileReference; lastKnownFileType = sourcecode.swift; path = ChatView.swift; sourceTree = "<group>"; };
		44B2236C2A50187300A52640 /* Talkaid.app */ = {isa = PBXFileReference; explicitFileType = wrapper.application; includeInIndex = 0; path = Talkaid.app; sourceTree = BUILT_PRODUCTS_DIR; };
		44B2236F2A50187300A52640 /* TalkaidApp.swift */ = {isa = PBXFileReference; lastKnownFileType = sourcecode.swift; path = TalkaidApp.swift; sourceTree = "<group>"; };
		44B223712A50187300A52640 /* ContentView.swift */ = {isa = PBXFileReference; lastKnownFileType = sourcecode.swift; path = ContentView.swift; sourceTree = "<group>"; };
		44B223732A50187400A52640 /* Assets.xcassets */ = {isa = PBXFileReference; lastKnownFileType = folder.assetcatalog; path = Assets.xcassets; sourceTree = "<group>"; };
		44B223762A50187400A52640 /* Preview Assets.xcassets */ = {isa = PBXFileReference; lastKnownFileType = folder.assetcatalog; path = "Preview Assets.xcassets"; sourceTree = "<group>"; };
		44B2237E2A501D8200A52640 /* .swiftlint.yml */ = {isa = PBXFileReference; lastKnownFileType = text.yaml; path = .swiftlint.yml; sourceTree = "<group>"; };
/* End PBXFileReference section */

/* Begin PBXFrameworksBuildPhase section */
		44B223692A50187300A52640 /* Frameworks */ = {
			isa = PBXFrameworksBuildPhase;
			buildActionMask = 2147483647;
			files = (
			);
			runOnlyForDeploymentPostprocessing = 0;
		};
/* End PBXFrameworksBuildPhase section */

/* Begin PBXGroup section */
		4412FE852A506436007DEA72 /* Utilities */ = {
			isa = PBXGroup;
			children = (
				4412FE862A50643D007DEA72 /* Enums */,
				4412FEA42A5070D4007DEA72 /* Fonts */,
			);
			path = Utilities;
			sourceTree = "<group>";
		};
		4412FE862A50643D007DEA72 /* Enums */ = {
			isa = PBXGroup;
			children = (
				4412FE892A5065FB007DEA72 /* ColorTheme.swift */,
				4412FEA12A5070BD007DEA72 /* FontTheme.swift */,
				4412FE9F2A507071007DEA72 /* ImageTheme.swift */,
			);
			path = Enums;
			sourceTree = "<group>";
		};
		4412FEA42A5070D4007DEA72 /* Fonts */ = {
			isa = PBXGroup;
			children = (
				4412FEA52A5070F6007DEA72 /* SF-Pro-Display-Bold.otf */,
				4412FEA62A5070F6007DEA72 /* SF-Pro-Text.otf */,
			);
			path = Fonts;
			sourceTree = "<group>";
		};
		4412FEA92A50718E007DEA72 /* Modules */ = {
			isa = PBXGroup;
			children = (
				4412FEAA2A507190007DEA72 /* Chat */,
			);
			path = Modules;
			sourceTree = "<group>";
		};
		4412FEAA2A507190007DEA72 /* Chat */ = {
			isa = PBXGroup;
			children = (
				4412FEAB2A507192007DEA72 /* View */,
			);
			path = Chat;
			sourceTree = "<group>";
		};
		4412FEAB2A507192007DEA72 /* View */ = {
			isa = PBXGroup;
			children = (
				4412FEAC2A50719A007DEA72 /* ChatView.swift */,
			);
			path = View;
			sourceTree = "<group>";
		};
		44B223632A50187300A52640 = {
			isa = PBXGroup;
			children = (
				44B2236E2A50187300A52640 /* Talkaid */,
				44B2236D2A50187300A52640 /* Products */,
			);
			sourceTree = "<group>";
		};
		44B2236D2A50187300A52640 /* Products */ = {
			isa = PBXGroup;
			children = (
				44B2236C2A50187300A52640 /* Talkaid.app */,
			);
			name = Products;
			sourceTree = "<group>";
		};
		44B2236E2A50187300A52640 /* Talkaid */ = {
			isa = PBXGroup;
			children = (
				4412FEA32A5070D1007DEA72 /* Info.plist */,
				44B223712A50187300A52640 /* ContentView.swift */,
				44B2236F2A50187300A52640 /* TalkaidApp.swift */,
				44B223732A50187400A52640 /* Assets.xcassets */,
				4412FEA92A50718E007DEA72 /* Modules */,
				44B223752A50187400A52640 /* Preview Content */,
				44B2237D2A501D7100A52640 /* Supporting Files */,
				4412FE852A506436007DEA72 /* Utilities */,
			);
			path = Talkaid;
			sourceTree = "<group>";
		};
		44B223752A50187400A52640 /* Preview Content */ = {
			isa = PBXGroup;
			children = (
				44B223762A50187400A52640 /* Preview Assets.xcassets */,
			);
			path = "Preview Content";
			sourceTree = "<group>";
		};
		44B2237D2A501D7100A52640 /* Supporting Files */ = {
			isa = PBXGroup;
			children = (
				44B2237E2A501D8200A52640 /* .swiftlint.yml */,
			);
			path = "Supporting Files";
			sourceTree = "<group>";
		};
/* End PBXGroup section */

/* Begin PBXNativeTarget section */
		44B2236B2A50187300A52640 /* Talkaid */ = {
			isa = PBXNativeTarget;
			buildConfigurationList = 44B2237A2A50187400A52640 /* Build configuration list for PBXNativeTarget "Talkaid" */;
			buildPhases = (
				44B223682A50187300A52640 /* Sources */,
				44B223692A50187300A52640 /* Frameworks */,
				44B2236A2A50187300A52640 /* Resources */,
				44B223802A501D9D00A52640 /* Run SwiftLint */,
			);
			buildRules = (
			);
			dependencies = (
			);
			name = Talkaid;
			productName = Talkaid;
			productReference = 44B2236C2A50187300A52640 /* Talkaid.app */;
			productType = "com.apple.product-type.application";
		};
/* End PBXNativeTarget section */

/* Begin PBXProject section */
		44B223642A50187300A52640 /* Project object */ = {
			isa = PBXProject;
			attributes = {
				BuildIndependentTargetsInParallel = 1;
				LastSwiftUpdateCheck = 1430;
				LastUpgradeCheck = 1430;
				TargetAttributes = {
					44B2236B2A50187300A52640 = {
						CreatedOnToolsVersion = 14.3.1;
					};
				};
			};
			buildConfigurationList = 44B223672A50187300A52640 /* Build configuration list for PBXProject "Talkaid" */;
			compatibilityVersion = "Xcode 14.0";
			developmentRegion = en;
			hasScannedForEncodings = 0;
			knownRegions = (
				en,
				Base,
			);
			mainGroup = 44B223632A50187300A52640;
			productRefGroup = 44B2236D2A50187300A52640 /* Products */;
			projectDirPath = "";
			projectRoot = "";
			targets = (
				44B2236B2A50187300A52640 /* Talkaid */,
			);
		};
/* End PBXProject section */

/* Begin PBXResourcesBuildPhase section */
		44B2236A2A50187300A52640 /* Resources */ = {
			isa = PBXResourcesBuildPhase;
			buildActionMask = 2147483647;
			files = (
				44B2237F2A501D8200A52640 /* .swiftlint.yml in Resources */,
				44B223772A50187400A52640 /* Preview Assets.xcassets in Resources */,
				4412FEA82A5070F6007DEA72 /* SF-Pro-Text.otf in Resources */,
				4412FEA72A5070F6007DEA72 /* SF-Pro-Display-Bold.otf in Resources */,
				44B223742A50187400A52640 /* Assets.xcassets in Resources */,
			);
			runOnlyForDeploymentPostprocessing = 0;
		};
/* End PBXResourcesBuildPhase section */

/* Begin PBXShellScriptBuildPhase section */
		44B223802A501D9D00A52640 /* Run SwiftLint */ = {
			isa = PBXShellScriptBuildPhase;
			alwaysOutOfDate = 1;
			buildActionMask = 2147483647;
			files = (
			);
			inputFileListPaths = (
			);
			inputPaths = (
			);
			name = "Run SwiftLint";
			outputFileListPaths = (
			);
			outputPaths = (
			);
			runOnlyForDeploymentPostprocessing = 0;
			shellPath = /bin/sh;
			shellScript = "if [[ \"$(uname -m)\" == arm64 ]]; then\n    export PATH=\"/opt/homebrew/bin:$PATH\"\nfi\n\nif which swiftlint > /dev/null; then\n  swiftlint\nelse\n  echo \"warning: SwiftLint not installed, download from https://github.com/realm/SwiftLint\"\nfi\n";
		};
/* End PBXShellScriptBuildPhase section */

/* Begin PBXSourcesBuildPhase section */
		44B223682A50187300A52640 /* Sources */ = {
			isa = PBXSourcesBuildPhase;
			buildActionMask = 2147483647;
			files = (
				4412FE8A2A5065FB007DEA72 /* ColorTheme.swift in Sources */,
				4412FEA22A5070BD007DEA72 /* FontTheme.swift in Sources */,
				4412FEA02A507071007DEA72 /* ImageTheme.swift in Sources */,
				44B223722A50187300A52640 /* ContentView.swift in Sources */,
				4412FEAD2A50719A007DEA72 /* ChatView.swift in Sources */,
				44B223702A50187300A52640 /* TalkaidApp.swift in Sources */,
			);
			runOnlyForDeploymentPostprocessing = 0;
		};
/* End PBXSourcesBuildPhase section */

/* Begin XCBuildConfiguration section */
		44B223782A50187400A52640 /* Debug */ = {
			isa = XCBuildConfiguration;
			buildSettings = {
				ALWAYS_SEARCH_USER_PATHS = NO;
				CLANG_ANALYZER_NONNULL = YES;
				CLANG_ANALYZER_NUMBER_OBJECT_CONVERSION = YES_AGGRESSIVE;
				CLANG_CXX_LANGUAGE_STANDARD = "gnu++20";
				CLANG_ENABLE_MODULES = YES;
				CLANG_ENABLE_OBJC_ARC = YES;
				CLANG_ENABLE_OBJC_WEAK = YES;
				CLANG_WARN_BLOCK_CAPTURE_AUTORELEASING = YES;
				CLANG_WARN_BOOL_CONVERSION = YES;
				CLANG_WARN_COMMA = YES;
				CLANG_WARN_CONSTANT_CONVERSION = YES;
				CLANG_WARN_DEPRECATED_OBJC_IMPLEMENTATIONS = YES;
				CLANG_WARN_DIRECT_OBJC_ISA_USAGE = YES_ERROR;
				CLANG_WARN_DOCUMENTATION_COMMENTS = YES;
				CLANG_WARN_EMPTY_BODY = YES;
				CLANG_WARN_ENUM_CONVERSION = YES;
				CLANG_WARN_INFINITE_RECURSION = YES;
				CLANG_WARN_INT_CONVERSION = YES;
				CLANG_WARN_NON_LITERAL_NULL_CONVERSION = YES;
				CLANG_WARN_OBJC_IMPLICIT_RETAIN_SELF = YES;
				CLANG_WARN_OBJC_LITERAL_CONVERSION = YES;
				CLANG_WARN_OBJC_ROOT_CLASS = YES_ERROR;
				CLANG_WARN_QUOTED_INCLUDE_IN_FRAMEWORK_HEADER = YES;
				CLANG_WARN_RANGE_LOOP_ANALYSIS = YES;
				CLANG_WARN_STRICT_PROTOTYPES = YES;
				CLANG_WARN_SUSPICIOUS_MOVE = YES;
				CLANG_WARN_UNGUARDED_AVAILABILITY = YES_AGGRESSIVE;
				CLANG_WARN_UNREACHABLE_CODE = YES;
				CLANG_WARN__DUPLICATE_METHOD_MATCH = YES;
				COPY_PHASE_STRIP = NO;
				DEBUG_INFORMATION_FORMAT = dwarf;
				ENABLE_STRICT_OBJC_MSGSEND = YES;
				ENABLE_TESTABILITY = YES;
				GCC_C_LANGUAGE_STANDARD = gnu11;
				GCC_DYNAMIC_NO_PIC = NO;
				GCC_NO_COMMON_BLOCKS = YES;
				GCC_OPTIMIZATION_LEVEL = 0;
				GCC_PREPROCESSOR_DEFINITIONS = (
					"DEBUG=1",
					"$(inherited)",
				);
				GCC_WARN_64_TO_32_BIT_CONVERSION = YES;
				GCC_WARN_ABOUT_RETURN_TYPE = YES_ERROR;
				GCC_WARN_UNDECLARED_SELECTOR = YES;
				GCC_WARN_UNINITIALIZED_AUTOS = YES_AGGRESSIVE;
				GCC_WARN_UNUSED_FUNCTION = YES;
				GCC_WARN_UNUSED_VARIABLE = YES;
				IPHONEOS_DEPLOYMENT_TARGET = 15.0;
				MTL_ENABLE_DEBUG_INFO = INCLUDE_SOURCE;
				MTL_FAST_MATH = YES;
				ONLY_ACTIVE_ARCH = YES;
				SDKROOT = iphoneos;
				SWIFT_ACTIVE_COMPILATION_CONDITIONS = DEBUG;
				SWIFT_OPTIMIZATION_LEVEL = "-Onone";
			};
			name = Debug;
		};
		44B223792A50187400A52640 /* Release */ = {
			isa = XCBuildConfiguration;
			buildSettings = {
				ALWAYS_SEARCH_USER_PATHS = NO;
				CLANG_ANALYZER_NONNULL = YES;
				CLANG_ANALYZER_NUMBER_OBJECT_CONVERSION = YES_AGGRESSIVE;
				CLANG_CXX_LANGUAGE_STANDARD = "gnu++20";
				CLANG_ENABLE_MODULES = YES;
				CLANG_ENABLE_OBJC_ARC = YES;
				CLANG_ENABLE_OBJC_WEAK = YES;
				CLANG_WARN_BLOCK_CAPTURE_AUTORELEASING = YES;
				CLANG_WARN_BOOL_CONVERSION = YES;
				CLANG_WARN_COMMA = YES;
				CLANG_WARN_CONSTANT_CONVERSION = YES;
				CLANG_WARN_DEPRECATED_OBJC_IMPLEMENTATIONS = YES;
				CLANG_WARN_DIRECT_OBJC_ISA_USAGE = YES_ERROR;
				CLANG_WARN_DOCUMENTATION_COMMENTS = YES;
				CLANG_WARN_EMPTY_BODY = YES;
				CLANG_WARN_ENUM_CONVERSION = YES;
				CLANG_WARN_INFINITE_RECURSION = YES;
				CLANG_WARN_INT_CONVERSION = YES;
				CLANG_WARN_NON_LITERAL_NULL_CONVERSION = YES;
				CLANG_WARN_OBJC_IMPLICIT_RETAIN_SELF = YES;
				CLANG_WARN_OBJC_LITERAL_CONVERSION = YES;
				CLANG_WARN_OBJC_ROOT_CLASS = YES_ERROR;
				CLANG_WARN_QUOTED_INCLUDE_IN_FRAMEWORK_HEADER = YES;
				CLANG_WARN_RANGE_LOOP_ANALYSIS = YES;
				CLANG_WARN_STRICT_PROTOTYPES = YES;
				CLANG_WARN_SUSPICIOUS_MOVE = YES;
				CLANG_WARN_UNGUARDED_AVAILABILITY = YES_AGGRESSIVE;
				CLANG_WARN_UNREACHABLE_CODE = YES;
				CLANG_WARN__DUPLICATE_METHOD_MATCH = YES;
				COPY_PHASE_STRIP = NO;
				DEBUG_INFORMATION_FORMAT = "dwarf-with-dsym";
				ENABLE_NS_ASSERTIONS = NO;
				ENABLE_STRICT_OBJC_MSGSEND = YES;
				GCC_C_LANGUAGE_STANDARD = gnu11;
				GCC_NO_COMMON_BLOCKS = YES;
				GCC_WARN_64_TO_32_BIT_CONVERSION = YES;
				GCC_WARN_ABOUT_RETURN_TYPE = YES_ERROR;
				GCC_WARN_UNDECLARED_SELECTOR = YES;
				GCC_WARN_UNINITIALIZED_AUTOS = YES_AGGRESSIVE;
				GCC_WARN_UNUSED_FUNCTION = YES;
				GCC_WARN_UNUSED_VARIABLE = YES;
				IPHONEOS_DEPLOYMENT_TARGET = 15.0;
				MTL_ENABLE_DEBUG_INFO = NO;
				MTL_FAST_MATH = YES;
				SDKROOT = iphoneos;
				SWIFT_COMPILATION_MODE = wholemodule;
				SWIFT_OPTIMIZATION_LEVEL = "-O";
				VALIDATE_PRODUCT = YES;
			};
			name = Release;
		};
		44B2237B2A50187400A52640 /* Debug */ = {
			isa = XCBuildConfiguration;
			buildSettings = {
				ASSETCATALOG_COMPILER_APPICON_NAME = AppIcon;
				ASSETCATALOG_COMPILER_GLOBAL_ACCENT_COLOR_NAME = AccentColor;
				CODE_SIGN_STYLE = Automatic;
				CURRENT_PROJECT_VERSION = 1;
				DEVELOPMENT_ASSET_PATHS = "\"Talkaid/Preview Content\"";
				DEVELOPMENT_TEAM = 7GW83GWCK8;
				ENABLE_PREVIEWS = YES;
				GENERATE_INFOPLIST_FILE = YES;
				INFOPLIST_FILE = Talkaid/Info.plist;
				INFOPLIST_KEY_LSApplicationCategoryType = "public.app-category.productivity";
				INFOPLIST_KEY_UIApplicationSceneManifest_Generation = YES;
				INFOPLIST_KEY_UIApplicationSupportsIndirectInputEvents = YES;
				INFOPLIST_KEY_UILaunchScreen_Generation = YES;
				INFOPLIST_KEY_UISupportedInterfaceOrientations_iPad = "UIInterfaceOrientationPortrait UIInterfaceOrientationPortraitUpsideDown UIInterfaceOrientationLandscapeLeft UIInterfaceOrientationLandscapeRight";
				INFOPLIST_KEY_UISupportedInterfaceOrientations_iPhone = "UIInterfaceOrientationPortrait UIInterfaceOrientationLandscapeLeft UIInterfaceOrientationLandscapeRight";
				IPHONEOS_DEPLOYMENT_TARGET = 15.0;
				LD_RUNPATH_SEARCH_PATHS = (
					"$(inherited)",
					"@executable_path/Frameworks",
				);
				MARKETING_VERSION = 1.0;
				PRODUCT_BUNDLE_IDENTIFIER = com.icloud.yusasarisoy.Talkaid;
				PRODUCT_NAME = "$(TARGET_NAME)";
				SUPPORTED_PLATFORMS = "iphoneos iphonesimulator";
				SUPPORTS_MACCATALYST = NO;
				SUPPORTS_MAC_DESIGNED_FOR_IPHONE_IPAD = NO;
				SWIFT_EMIT_LOC_STRINGS = YES;
				SWIFT_VERSION = 5.0;
				TARGETED_DEVICE_FAMILY = 1;
			};
			name = Debug;
		};
		44B2237C2A50187400A52640 /* Release */ = {
			isa = XCBuildConfiguration;
			buildSettings = {
				ASSETCATALOG_COMPILER_APPICON_NAME = AppIcon;
				ASSETCATALOG_COMPILER_GLOBAL_ACCENT_COLOR_NAME = AccentColor;
				CODE_SIGN_STYLE = Automatic;
				CURRENT_PROJECT_VERSION = 1;
				DEVELOPMENT_ASSET_PATHS = "\"Talkaid/Preview Content\"";
				DEVELOPMENT_TEAM = 7GW83GWCK8;
				ENABLE_PREVIEWS = YES;
				GENERATE_INFOPLIST_FILE = YES;
				INFOPLIST_FILE = Talkaid/Info.plist;
				INFOPLIST_KEY_LSApplicationCategoryType = "public.app-category.productivity";
				INFOPLIST_KEY_UIApplicationSceneManifest_Generation = YES;
				INFOPLIST_KEY_UIApplicationSupportsIndirectInputEvents = YES;
				INFOPLIST_KEY_UILaunchScreen_Generation = YES;
				INFOPLIST_KEY_UISupportedInterfaceOrientations_iPad = "UIInterfaceOrientationPortrait UIInterfaceOrientationPortraitUpsideDown UIInterfaceOrientationLandscapeLeft UIInterfaceOrientationLandscapeRight";
				INFOPLIST_KEY_UISupportedInterfaceOrientations_iPhone = "UIInterfaceOrientationPortrait UIInterfaceOrientationLandscapeLeft UIInterfaceOrientationLandscapeRight";
				IPHONEOS_DEPLOYMENT_TARGET = 15.0;
				LD_RUNPATH_SEARCH_PATHS = (
					"$(inherited)",
					"@executable_path/Frameworks",
				);
				MARKETING_VERSION = 1.0;
				PRODUCT_BUNDLE_IDENTIFIER = com.icloud.yusasarisoy.Talkaid;
				PRODUCT_NAME = "$(TARGET_NAME)";
				SUPPORTED_PLATFORMS = "iphoneos iphonesimulator";
				SUPPORTS_MACCATALYST = NO;
				SUPPORTS_MAC_DESIGNED_FOR_IPHONE_IPAD = NO;
				SWIFT_EMIT_LOC_STRINGS = YES;
				SWIFT_VERSION = 5.0;
				TARGETED_DEVICE_FAMILY = 1;
			};
			name = Release;
		};
/* End XCBuildConfiguration section */

/* Begin XCConfigurationList section */
		44B223672A50187300A52640 /* Build configuration list for PBXProject "Talkaid" */ = {
			isa = XCConfigurationList;
			buildConfigurations = (
				44B223782A50187400A52640 /* Debug */,
				44B223792A50187400A52640 /* Release */,
			);
			defaultConfigurationIsVisible = 0;
			defaultConfigurationName = Release;
		};
		44B2237A2A50187400A52640 /* Build configuration list for PBXNativeTarget "Talkaid" */ = {
			isa = XCConfigurationList;
			buildConfigurations = (
				44B2237B2A50187400A52640 /* Debug */,
				44B2237C2A50187400A52640 /* Release */,
			);
			defaultConfigurationIsVisible = 0;
			defaultConfigurationName = Release;
		};
/* End XCConfigurationList section */
	};
	rootObject = 44B223642A50187300A52640 /* Project object */;
}
